
Microsoft Visual Studio Solution File, Format Version 12.00
# Visual Studio Version 16
VisualStudioVersion = 16.0.31112.23
MinimumVisualStudioVersion = 10.0.40219.1
Project("{FAE04EC0-301F-11D3-BF4B-00C04F79EFBC}") = "UnitOfWorkExample", "UnitOfWorkExample\UnitOfWorkExample.csproj", "{EF21B335-70FE-4DAB-9EA1-95B3CE181C47}"
EndProject
Project("{FAE04EC0-301F-11D3-BF4B-00C04F79EFBC}") = "UnitOfWorkExample.Data", "UnitOfWorkExample.Data\UnitOfWorkExample.Data.csproj", "{0E5191EF-B1C9-45F7-A35F-06C0783C5071}"
EndProject
Global
	GlobalSection(SolutionConfigurationPlatforms) = preSolution
		Debug|Any CPU = Debug|Any CPU
		Release|Any CPU = Release|Any CPU
	EndGlobalSection
	GlobalSection(ProjectConfigurationPlatforms) = postSolution
		{EF21B335-70FE-4DAB-9EA1-95B3CE181C47}.Debug|Any CPU.ActiveCfg = Debug|Any CPU
		{EF21B335-70FE-4DAB-9EA1-95B3CE181C47}.Debug|Any CPU.Build.0 = Debug|Any CPU
		{EF21B335-70FE-4DAB-9EA1-95B3CE181C47}.Release|Any CPU.ActiveCfg = Release|Any CPU
		{EF21B335-70FE-4DAB-9EA1-95B3CE181C47}.Release|Any CPU.Build.0 = Release|Any CPU
		{0E5191EF-B1C9-45F7-A35F-06C0783C5071}.Debug|Any CPU.ActiveCfg = Debug|Any CPU
		{0E5191EF-B1C9-45F7-A35F-06C0783C5071}.Debug|Any CPU.Build.0 = Debug|Any CPU
		{0E5191EF-B1C9-45F7-A35F-06C0783C5071}.Release|Any CPU.ActiveCfg = Release|Any CPU
		{0E5191EF-B1C9-45F7-A35F-06C0783C5071}.Release|Any CPU.Build.0 = Release|Any CPU
	EndGlobalSection
	GlobalSection(SolutionProperties) = preSolution
		HideSolutionNode = FALSE
	EndGlobalSection
	GlobalSection(ExtensibilityGlobals) = postSolution
		SolutionGuid = {8593DFA0-3B0B-4129-BFD8-D679B76D8CD0}
	EndGlobalSection
EndGlobal
